
Microsoft Visual Studio Solution File, Format Version 12.00
# Visual Studio 15
VisualStudioVersion = 15.0.28307.271
MinimumVisualStudioVersion = 10.0.40219.1
Project("{34036844-64E7-43A5-9151-4AD90E180989}") = "Sender", "Sender\Sender.iotedgeproj", "{81761CA3-DCF1-44BE-A5B0-0ADF440870C7}"
EndProject
Project("{9A19103F-16F7-4668-BE54-9A1E7A4F7556}") = "SenderModule", "SenderModule\SenderModule.csproj", "{47B3FDDC-E152-46CC-BC6B-E6941046AAE5}"
EndProject
Project("{FAE04EC0-301F-11D3-BF4B-00C04F79EFBC}") = "Reader", "Reader\Reader.csproj", "{4737B267-B01A-49C2-AEF1-208EF6BFA78C}"
EndProject
Global
	GlobalSection(SolutionConfigurationPlatforms) = preSolution
		Debug|Any CPU = Debug|Any CPU
		Release|Any CPU = Release|Any CPU
	EndGlobalSection
	GlobalSection(ProjectConfigurationPlatforms) = postSolution
		{81761CA3-DCF1-44BE-A5B0-0ADF440870C7}.Debug|Any CPU.ActiveCfg = Debug|Any CPU
		{81761CA3-DCF1-44BE-A5B0-0ADF440870C7}.Debug|Any CPU.Build.0 = Debug|Any CPU
		{81761CA3-DCF1-44BE-A5B0-0ADF440870C7}.Release|Any CPU.ActiveCfg = Release|Any CPU
		{81761CA3-DCF1-44BE-A5B0-0ADF440870C7}.Release|Any CPU.Build.0 = Release|Any CPU
		{47B3FDDC-E152-46CC-BC6B-E6941046AAE5}.Debug|Any CPU.ActiveCfg = Debug|Any CPU
		{47B3FDDC-E152-46CC-BC6B-E6941046AAE5}.Debug|Any CPU.Build.0 = Debug|Any CPU
		{47B3FDDC-E152-46CC-BC6B-E6941046AAE5}.Release|Any CPU.ActiveCfg = Release|Any CPU
		{47B3FDDC-E152-46CC-BC6B-E6941046AAE5}.Release|Any CPU.Build.0 = Release|Any CPU
		{4737B267-B01A-49C2-AEF1-208EF6BFA78C}.Debug|Any CPU.ActiveCfg = Debug|Any CPU
		{4737B267-B01A-49C2-AEF1-208EF6BFA78C}.Debug|Any CPU.Build.0 = Debug|Any CPU
		{4737B267-B01A-49C2-AEF1-208EF6BFA78C}.Release|Any CPU.ActiveCfg = Release|Any CPU
		{4737B267-B01A-49C2-AEF1-208EF6BFA78C}.Release|Any CPU.Build.0 = Release|Any CPU
	EndGlobalSection
	GlobalSection(SolutionProperties) = preSolution
		HideSolutionNode = FALSE
	EndGlobalSection
	GlobalSection(ExtensibilityGlobals) = postSolution
		SolutionGuid = {89C4C0D7-B68B-48F1-9367-CAAB00C0C77E}
	EndGlobalSection
EndGlobal
